
Microsoft Visual Studio Solution File, Format Version 12.00
# Visual Studio 15
VisualStudioVersion = 15.0.27428.1
MinimumVisualStudioVersion = 10.0.40219.1
Project("{FAE04EC0-301F-11D3-BF4B-00C04F79EFBC}") = "MyMaster", "MyMaster\MyMaster.csproj", "{D5A4C5E3-9E31-4A9F-B5A9-E9B93228CDE8}"
EndProject
Global
	GlobalSection(SolutionConfigurationPlatforms) = preSolution
		Debug|Any CPU = Debug|Any CPU
		Release|Any CPU = Release|Any CPU
	EndGlobalSection
	GlobalSection(ProjectConfigurationPlatforms) = postSolution
		{D5A4C5E3-9E31-4A9F-B5A9-E9B93228CDE8}.Debug|Any CPU.ActiveCfg = Debug|Any CPU
		{D5A4C5E3-9E31-4A9F-B5A9-E9B93228CDE8}.Debug|Any CPU.Build.0 = Debug|Any CPU
		{D5A4C5E3-9E31-4A9F-B5A9-E9B93228CDE8}.Release|Any CPU.ActiveCfg = Release|Any CPU
		{D5A4C5E3-9E31-4A9F-B5A9-E9B93228CDE8}.Release|Any CPU.Build.0 = Release|Any CPU
	EndGlobalSection
	GlobalSection(SolutionProperties) = preSolution
		HideSolutionNode = FALSE
	EndGlobalSection
	GlobalSection(ExtensibilityGlobals) = postSolution
		SolutionGuid = {72F3ADA6-10BA-45A3-8A6C-B22565CAFD26}
	EndGlobalSection
EndGlobal
